
Microsoft Visual Studio Solution File, Format Version 12.00
# Visual Studio Version 17
VisualStudioVersion = 17.5.002.0
MinimumVisualStudioVersion = 10.0.40219.1
Project("{9A19103F-16F7-4668-BE54-9A1E7A4F7556}") = "BrazilSurvival.BackEnd", "BrazilSurvival.BackEnd.csproj", "{C91BF7AC-F663-4888-A00B-90B5440FC02B}"
EndProject
Global
	GlobalSection(SolutionConfigurationPlatforms) = preSolution
		Debug|Any CPU = Debug|Any CPU
		Release|Any CPU = Release|Any CPU
	EndGlobalSection
	GlobalSection(ProjectConfigurationPlatforms) = postSolution
		{C91BF7AC-F663-4888-A00B-90B5440FC02B}.Debug|Any CPU.ActiveCfg = Debug|Any CPU
		{C91BF7AC-F663-4888-A00B-90B5440FC02B}.Debug|Any CPU.Build.0 = Debug|Any CPU
		{C91BF7AC-F663-4888-A00B-90B5440FC02B}.Release|Any CPU.ActiveCfg = Release|Any CPU
		{C91BF7AC-F663-4888-A00B-90B5440FC02B}.Release|Any CPU.Build.0 = Release|Any CPU
	EndGlobalSection
	GlobalSection(SolutionProperties) = preSolution
		HideSolutionNode = FALSE
	EndGlobalSection
	GlobalSection(ExtensibilityGlobals) = postSolution
		SolutionGuid = {05577AC5-F36F-49E8-8B43-00050E65E028}
	EndGlobalSection
EndGlobal
